{
  "name": "frontend",
  "lockfileVersion": 2,
  "requires": true,
  "packages": {
    "": {
      "devDependencies": {
        "@angular/compiler": "^12.1.0"
      }
    },
    "node_modules/@angular/compiler": {
      "version": "12.1.0",
      "resolved": "https://registry.npmjs.org/@angular/compiler/-/compiler-12.1.0.tgz",
      "integrity": "sha512-Nk9l8fWv0XrEZGpN8EftAzTC6Q2oTnDqnYQ9Ykc3rkRQs4r8MDG9cUd4z5gbEToFgX7KVQ3+wLAYVX+uB6A5hg==",
      "dev": true,
      "dependencies": {
        "tslib": "^2.2.0"
      },
      "engines": {
        "node": "^12.14.1 || >=14.0.0"
      }
    },
    "node_modules/tslib": {
      "version": "2.3.0",
      "resolved": "https://registry.npmjs.org/tslib/-/tslib-2.3.0.tgz",
      "integrity": "sha512-N82ooyxVNm6h1riLCoyS9e3fuJ3AMG2zIZs2Gd1ATcSFjSA23Q0fzjjZeh0jbJvWVDZ0cJT8yaNNaaXHzueNjg==",
      "dev": true
    }
  },
  "dependencies": {
    "@angular/compiler": {
      "version": "12.1.0",
      "resolved": "https://registry.npmjs.org/@angular/compiler/-/compiler-12.1.0.tgz",
      "integrity": "sha512-Nk9l8fWv0XrEZGpN8EftAzTC6Q2oTnDqnYQ9Ykc3rkRQs4r8MDG9cUd4z5gbEToFgX7KVQ3+wLAYVX+uB6A5hg==",
      "dev": true,
      "requires": {
        "tslib": "^2.2.0"
      }
    },
    "tslib": {
      "version": "2.3.0",
      "resolved": "https://registry.npmjs.org/tslib/-/tslib-2.3.0.tgz",
      "integrity": "sha512-N82ooyxVNm6h1riLCoyS9e3fuJ3AMG2zIZs2Gd1ATcSFjSA23Q0fzjjZeh0jbJvWVDZ0cJT8yaNNaaXHzueNjg==",
      "dev": true
    }
  }
}
